
Microsoft Visual Studio Solution File, Format Version 12.00
# Visual Studio Version 17
VisualStudioVersion = 17.8.34330.188
MinimumVisualStudioVersion = 10.0.40219.1
Project("{FAE04EC0-301F-11D3-BF4B-00C04F79EFBC}") = "BulkyBookWeb", "BulkyBookWeb.csproj", "{172B97D6-6827-41D1-A076-7E82E84D5670}"
EndProject
Global
	GlobalSection(SolutionConfigurationPlatforms) = preSolution
		Debug|Any CPU = Debug|Any CPU
		Release|Any CPU = Release|Any CPU
	EndGlobalSection
	GlobalSection(ProjectConfigurationPlatforms) = postSolution
		{172B97D6-6827-41D1-A076-7E82E84D5670}.Debug|Any CPU.ActiveCfg = Debug|Any CPU
		{172B97D6-6827-41D1-A076-7E82E84D5670}.Debug|Any CPU.Build.0 = Debug|Any CPU
		{172B97D6-6827-41D1-A076-7E82E84D5670}.Release|Any CPU.ActiveCfg = Release|Any CPU
		{172B97D6-6827-41D1-A076-7E82E84D5670}.Release|Any CPU.Build.0 = Release|Any CPU
	EndGlobalSection
	GlobalSection(SolutionProperties) = preSolution
		HideSolutionNode = FALSE
	EndGlobalSection
	GlobalSection(ExtensibilityGlobals) = postSolution
		SolutionGuid = {B06E133B-9795-4703-A066-5553267D0B3A}
	EndGlobalSection
EndGlobal
